
Microsoft Visual Studio Solution File, Format Version 12.00
# Visual Studio Version 17
VisualStudioVersion = 17.1.32104.313
MinimumVisualStudioVersion = 10.0.40219.1
Project("{888888A0-9F3D-457C-B088-3A5042F75D52}") = "song", "song\song.pyproj", "{E170C9B9-59A9-4564-A21D-1A8DDED08911}"
EndProject
Global
	GlobalSection(SolutionConfigurationPlatforms) = preSolution
		Debug|Any CPU = Debug|Any CPU
		Release|Any CPU = Release|Any CPU
	EndGlobalSection
	GlobalSection(ProjectConfigurationPlatforms) = postSolution
		{E170C9B9-59A9-4564-A21D-1A8DDED08911}.Debug|Any CPU.ActiveCfg = Debug|Any CPU
		{E170C9B9-59A9-4564-A21D-1A8DDED08911}.Release|Any CPU.ActiveCfg = Release|Any CPU
	EndGlobalSection
	GlobalSection(SolutionProperties) = preSolution
		HideSolutionNode = FALSE
	EndGlobalSection
	GlobalSection(ExtensibilityGlobals) = postSolution
		SolutionGuid = {BD5B4B10-C04C-4F38-9013-4DFD38B2F0C0}
	EndGlobalSection
EndGlobal
